{
  "name": "@piksail/strapi-provider-email-plunk",
  "version": "0.0.6",
  "lockfileVersion": 3,
  "requires": true,
  "packages": {
    "": {
      "name": "@piksail/strapi-provider-email-plunk",
      "version": "0.0.6",
      "license": "MIT",
      "dependencies": {
        "@plunk/node": "3.0.3"
      },
      "devDependencies": {
        "prettier": "^3.5.3"
      },
      "engines": {
        "node": ">=18.0.0 <=22.x.x",
        "npm": ">=6.0.0"
      }
    },
    "node_modules/@plunk/node": {
      "version": "3.0.3",
      "resolved": "https://registry.npmjs.org/@plunk/node/-/node-3.0.3.tgz",
      "integrity": "sha512-f3NT418/EdLjebQ4arAwR64cnz7d5H7i1CeKh8+B0cVBrwzHvF+Q+QkhutF+FAp49yuI/BYc71qQH+RFc2fxxQ==",
      "license": "MIT",
      "dependencies": {
        "tslib": "^2.4.0"
      }
    },
    "node_modules/prettier": {
      "version": "3.5.3",
      "resolved": "https://registry.npmjs.org/prettier/-/prettier-3.5.3.tgz",
      "integrity": "sha512-QQtaxnoDJeAkDvDKWCLiwIXkTgRhwYDEQCghU9Z6q03iyek/rxRh/2lC3HB7P8sWT2xC/y5JDctPLBIGzHKbhw==",
      "dev": true,
      "license": "MIT",
      "bin": {
        "prettier": "bin/prettier.cjs"
      },
      "engines": {
        "node": ">=14"
      },
      "funding": {
        "url": "https://github.com/prettier/prettier?sponsor=1"
      }
    },
    "node_modules/tslib": {
      "version": "2.8.1",
      "resolved": "https://registry.npmjs.org/tslib/-/tslib-2.8.1.tgz",
      "integrity": "sha512-oJFu94HQb+KVduSUQL7wnpmqnfmLsOA/nAh6b6EH0wCEoK0/mPeXU6c3wKDV83MkOuHPRHtSXKKU99IBazS/2w==",
      "license": "0BSD"
    }
  }
}
